
Microsoft Visual Studio Solution File, Format Version 12.00
# Visual Studio Version 17
VisualStudioVersion = 17.2.32616.157
MinimumVisualStudioVersion = 10.0.40219.1
Project("{888888A0-9F3D-457C-B088-3A5042F75D52}") = "TeamBluePorcupass", "TeamBluePorcupass.pyproj", "{C9AA84F7-D83E-486E-B199-0E47B74C5922}"
EndProject
Global
	GlobalSection(SolutionConfigurationPlatforms) = preSolution
		Debug|Any CPU = Debug|Any CPU
		Release|Any CPU = Release|Any CPU
	EndGlobalSection
	GlobalSection(ProjectConfigurationPlatforms) = postSolution
		{C9AA84F7-D83E-486E-B199-0E47B74C5922}.Debug|Any CPU.ActiveCfg = Debug|Any CPU
		{C9AA84F7-D83E-486E-B199-0E47B74C5922}.Release|Any CPU.ActiveCfg = Release|Any CPU
	EndGlobalSection
	GlobalSection(SolutionProperties) = preSolution
		HideSolutionNode = FALSE
	EndGlobalSection
	GlobalSection(ExtensibilityGlobals) = postSolution
		SolutionGuid = {F0E2554C-86AD-406D-BD36-BCBAFC93C5A1}
	EndGlobalSection
EndGlobal
